
Microsoft Visual Studio Solution File, Format Version 12.00
# Visual Studio Version 17
VisualStudioVersion = 17.5.33414.496
MinimumVisualStudioVersion = 10.0.40219.1
Project("{FAE04EC0-301F-11D3-BF4B-00C04F79EFBC}") = "CIP.API", "CIP.API.csproj", "{ADBFD1B5-3BE7-4DD8-B12B-C07AF9A17913}"
EndProject
Global
	GlobalSection(SolutionConfigurationPlatforms) = preSolution
		Debug|Any CPU = Debug|Any CPU
		Release|Any CPU = Release|Any CPU
	EndGlobalSection
	GlobalSection(ProjectConfigurationPlatforms) = postSolution
		{ADBFD1B5-3BE7-4DD8-B12B-C07AF9A17913}.Debug|Any CPU.ActiveCfg = Debug|Any CPU
		{ADBFD1B5-3BE7-4DD8-B12B-C07AF9A17913}.Debug|Any CPU.Build.0 = Debug|Any CPU
		{ADBFD1B5-3BE7-4DD8-B12B-C07AF9A17913}.Release|Any CPU.ActiveCfg = Release|Any CPU
		{ADBFD1B5-3BE7-4DD8-B12B-C07AF9A17913}.Release|Any CPU.Build.0 = Release|Any CPU
	EndGlobalSection
	GlobalSection(SolutionProperties) = preSolution
		HideSolutionNode = FALSE
	EndGlobalSection
	GlobalSection(ExtensibilityGlobals) = postSolution
		SolutionGuid = {6C900C16-FFED-4648-8517-66D5E4F47454}
	EndGlobalSection
EndGlobal
